
Microsoft Visual Studio Solution File, Format Version 12.00
# Visual Studio Version 17
VisualStudioVersion = 17.2.32630.192
MinimumVisualStudioVersion = 10.0.40219.1
Project("{FAE04EC0-301F-11D3-BF4B-00C04F79EFBC}") = "SchoolApp", "SchoolApp\SchoolApp.csproj", "{592DABD9-379E-4109-A1EF-D6A951290015}"
EndProject
Global
	GlobalSection(SolutionConfigurationPlatforms) = preSolution
		Debug|Any CPU = Debug|Any CPU
		Release|Any CPU = Release|Any CPU
	EndGlobalSection
	GlobalSection(ProjectConfigurationPlatforms) = postSolution
		{592DABD9-379E-4109-A1EF-D6A951290015}.Debug|Any CPU.ActiveCfg = Debug|Any CPU
		{592DABD9-379E-4109-A1EF-D6A951290015}.Debug|Any CPU.Build.0 = Debug|Any CPU
		{592DABD9-379E-4109-A1EF-D6A951290015}.Release|Any CPU.ActiveCfg = Release|Any CPU
		{592DABD9-379E-4109-A1EF-D6A951290015}.Release|Any CPU.Build.0 = Release|Any CPU
	EndGlobalSection
	GlobalSection(SolutionProperties) = preSolution
		HideSolutionNode = FALSE
	EndGlobalSection
	GlobalSection(ExtensibilityGlobals) = postSolution
		SolutionGuid = {6030B8C4-C9A0-4995-9D1E-24ECCC001ED1}
	EndGlobalSection
EndGlobal
